// !$*UTF8*$!
{
	archiveVersion = 1;
	classes = {
	};
	objectVersion = 50;
	objects = {

/* Begin PBXBuildFile section */
		C681A3BC22125C01006591EB /* Neatly.framework in Frameworks */ = {isa = PBXBuildFile; fileRef = C681A3B222125C01006591EB /* Neatly.framework */; };
		C681A3C322125C01006591EB /* Neatly.h in Headers */ = {isa = PBXBuildFile; fileRef = C681A3B522125C01006591EB /* Neatly.h */; settings = {ATTRIBUTES = (Public, ); }; };
		C681A3D722125C24006591EB /* SizedView.swift in Sources */ = {isa = PBXBuildFile; fileRef = C681A3CC22125C23006591EB /* SizedView.swift */; };
		C681A3D822125C24006591EB /* ConstraintContaining.swift in Sources */ = {isa = PBXBuildFile; fileRef = C681A3CD22125C23006591EB /* ConstraintContaining.swift */; };
		C681A3D922125C24006591EB /* NeatlyDSL.swift in Sources */ = {isa = PBXBuildFile; fileRef = C681A3CE22125C24006591EB /* NeatlyDSL.swift */; };
		C681A3DA22125C24006591EB /* LayoutFormat.swift in Sources */ = {isa = PBXBuildFile; fileRef = C681A3CF22125C24006591EB /* LayoutFormat.swift */; };
		C681A3DB22125C24006591EB /* LayoutBag.swift in Sources */ = {isa = PBXBuildFile; fileRef = C681A3D022125C24006591EB /* LayoutBag.swift */; };
		C681A3DC22125C24006591EB /* StackLayout.swift in Sources */ = {isa = PBXBuildFile; fileRef = C681A3D122125C24006591EB /* StackLayout.swift */; };
		C681A3DD22125C24006591EB /* LayoutConstructor.swift in Sources */ = {isa = PBXBuildFile; fileRef = C681A3D222125C24006591EB /* LayoutConstructor.swift */; };
		C681A3DE22125C24006591EB /* LayoutPriority.swift in Sources */ = {isa = PBXBuildFile; fileRef = C681A3D322125C24006591EB /* LayoutPriority.swift */; };
		C681A3DF22125C24006591EB /* LayoutAnchorer.swift in Sources */ = {isa = PBXBuildFile; fileRef = C681A3D422125C24006591EB /* LayoutAnchorer.swift */; };
		C681A3E022125C24006591EB /* AnchoredEdges.swift in Sources */ = {isa = PBXBuildFile; fileRef = C681A3D522125C24006591EB /* AnchoredEdges.swift */; };
		C681A3E122125C24006591EB /* TableLayout.swift in Sources */ = {isa = PBXBuildFile; fileRef = C681A3D622125C24006591EB /* TableLayout.swift */; };
		C681A3EB22125C5F006591EB /* ViewController.swift in Sources */ = {isa = PBXBuildFile; fileRef = C681A3EA22125C5F006591EB /* ViewController.swift */; };
		C681A3F322125C5F006591EB /* LaunchScreen.storyboard in Resources */ = {isa = PBXBuildFile; fileRef = C681A3F122125C5F006591EB /* LaunchScreen.storyboard */; };
		C681A40222125C7F006591EB /* ExampleMenuViewController.swift in Sources */ = {isa = PBXBuildFile; fileRef = C681A3FB22125C7F006591EB /* ExampleMenuViewController.swift */; };
		C681A40322125C7F006591EB /* Random.swift in Sources */ = {isa = PBXBuildFile; fileRef = C681A3FC22125C7F006591EB /* Random.swift */; };
		C681A40422125C7F006591EB /* ArrayValueInitializer.swift in Sources */ = {isa = PBXBuildFile; fileRef = C681A3FD22125C7F006591EB /* ArrayValueInitializer.swift */; };
		C681A40522125C7F006591EB /* ColourView.swift in Sources */ = {isa = PBXBuildFile; fileRef = C681A3FE22125C7F006591EB /* ColourView.swift */; };
		C681A40C22125CB4006591EB /* FixedSizeTableViewController.swift in Sources */ = {isa = PBXBuildFile; fileRef = C681A40722125CB3006591EB /* FixedSizeTableViewController.swift */; };
		C681A40D22125CB4006591EB /* FixedSizeVerticalStackViewController.swift in Sources */ = {isa = PBXBuildFile; fileRef = C681A40822125CB4006591EB /* FixedSizeVerticalStackViewController.swift */; };
		C681A40E22125CB4006591EB /* TableViewController.swift in Sources */ = {isa = PBXBuildFile; fileRef = C681A40922125CB4006591EB /* TableViewController.swift */; };
		C681A40F22125CB4006591EB /* HorizontalStackViewController.swift in Sources */ = {isa = PBXBuildFile; fileRef = C681A40A22125CB4006591EB /* HorizontalStackViewController.swift */; };
		C681A41022125CB4006591EB /* VerticalStackViewController.swift in Sources */ = {isa = PBXBuildFile; fileRef = C681A40B22125CB4006591EB /* VerticalStackViewController.swift */; };
		C681A41622125CD6006591EB /* ArraySplit.swift in Sources */ = {isa = PBXBuildFile; fileRef = C681A41222125CD6006591EB /* ArraySplit.swift */; };
		C681A41722125CD6006591EB /* NSLayoutConstraintExtensions.swift in Sources */ = {isa = PBXBuildFile; fileRef = C681A41322125CD6006591EB /* NSLayoutConstraintExtensions.swift */; };
		C681A41822125CD6006591EB /* UIViewCompatibleSafeAreaExtensions.swift in Sources */ = {isa = PBXBuildFile; fileRef = C681A41422125CD6006591EB /* UIViewCompatibleSafeAreaExtensions.swift */; };
		C681A41922125CD6006591EB /* SequenceSliding.swift in Sources */ = {isa = PBXBuildFile; fileRef = C681A41522125CD6006591EB /* SequenceSliding.swift */; };
		C681A41D22125CEA006591EB /* TableLayoutTests.swift in Sources */ = {isa = PBXBuildFile; fileRef = C681A41A22125CE9006591EB /* TableLayoutTests.swift */; };
		C681A41E22125CEA006591EB /* TestExtensions.swift in Sources */ = {isa = PBXBuildFile; fileRef = C681A41B22125CE9006591EB /* TestExtensions.swift */; };
		C681A41F22125CEA006591EB /* StackLayoutTests.swift in Sources */ = {isa = PBXBuildFile; fileRef = C681A41C22125CE9006591EB /* StackLayoutTests.swift */; };
		C681A42322125D89006591EB /* Neatly.framework in Frameworks */ = {isa = PBXBuildFile; fileRef = C681A3B222125C01006591EB /* Neatly.framework */; };
		C681A42522125EE8006591EB /* Nimble.framework in Frameworks */ = {isa = PBXBuildFile; fileRef = C681A42422125EE8006591EB /* Nimble.framework */; };
		C681A42722125EFE006591EB /* Quick.framework in Frameworks */ = {isa = PBXBuildFile; fileRef = C681A42622125EFE006591EB /* Quick.framework */; };
		C6EE1A7F221261D40054EE37 /* AppDelegate.swift in Sources */ = {isa = PBXBuildFile; fileRef = C6EE1A7E221261D40054EE37 /* AppDelegate.swift */; };
/* End PBXBuildFile section */

/* Begin PBXContainerItemProxy section */
		C681A3BD22125C01006591EB /* PBXContainerItemProxy */ = {
			isa = PBXContainerItemProxy;
			containerPortal = C681A3A922125C01006591EB /* Project object */;
			proxyType = 1;
			remoteGlobalIDString = C681A3B122125C01006591EB;
			remoteInfo = Neatly;
		};
		C681A42022125D6E006591EB /* PBXContainerItemProxy */ = {
			isa = PBXContainerItemProxy;
			containerPortal = C681A3A922125C01006591EB /* Project object */;
			proxyType = 1;
			remoteGlobalIDString = C681A3B122125C01006591EB;
			remoteInfo = Neatly;
		};
		C681A42822125F29006591EB /* PBXContainerItemProxy */ = {
			isa = PBXContainerItemProxy;
			containerPortal = C681A3A922125C01006591EB /* Project object */;
			proxyType = 1;
			remoteGlobalIDString = C681A3E522125C5E006591EB;
			remoteInfo = NeatlyExample;
		};
/* End PBXContainerItemProxy section */

/* Begin PBXFileReference section */
		C681A3B222125C01006591EB /* Neatly.framework */ = {isa = PBXFileReference; explicitFileType = wrapper.framework; includeInIndex = 0; path = Neatly.framework; sourceTree = BUILT_PRODUCTS_DIR; };
		C681A3B522125C01006591EB /* Neatly.h */ = {isa = PBXFileReference; lastKnownFileType = sourcecode.c.h; path = Neatly.h; sourceTree = "<group>"; };
		C681A3B622125C01006591EB /* Info.plist */ = {isa = PBXFileReference; lastKnownFileType = text.plist.xml; path = Info.plist; sourceTree = "<group>"; };
		C681A3BB22125C01006591EB /* NeatlyTests.xctest */ = {isa = PBXFileReference; explicitFileType = wrapper.cfbundle; includeInIndex = 0; path = NeatlyTests.xctest; sourceTree = BUILT_PRODUCTS_DIR; };
		C681A3C222125C01006591EB /* Info.plist */ = {isa = PBXFileReference; lastKnownFileType = text.plist.xml; path = Info.plist; sourceTree = "<group>"; };
		C681A3CC22125C23006591EB /* SizedView.swift */ = {isa = PBXFileReference; fileEncoding = 4; lastKnownFileType = sourcecode.swift; path = SizedView.swift; sourceTree = "<group>"; };
		C681A3CD22125C23006591EB /* ConstraintContaining.swift */ = {isa = PBXFileReference; fileEncoding = 4; lastKnownFileType = sourcecode.swift; path = ConstraintContaining.swift; sourceTree = "<group>"; };
		C681A3CE22125C24006591EB /* NeatlyDSL.swift */ = {isa = PBXFileReference; fileEncoding = 4; lastKnownFileType = sourcecode.swift; path = NeatlyDSL.swift; sourceTree = "<group>"; };
		C681A3CF22125C24006591EB /* LayoutFormat.swift */ = {isa = PBXFileReference; fileEncoding = 4; lastKnownFileType = sourcecode.swift; path = LayoutFormat.swift; sourceTree = "<group>"; };
		C681A3D022125C24006591EB /* LayoutBag.swift */ = {isa = PBXFileReference; fileEncoding = 4; lastKnownFileType = sourcecode.swift; path = LayoutBag.swift; sourceTree = "<group>"; };
		C681A3D122125C24006591EB /* StackLayout.swift */ = {isa = PBXFileReference; fileEncoding = 4; lastKnownFileType = sourcecode.swift; path = StackLayout.swift; sourceTree = "<group>"; };
		C681A3D222125C24006591EB /* LayoutConstructor.swift */ = {isa = PBXFileReference; fileEncoding = 4; lastKnownFileType = sourcecode.swift; path = LayoutConstructor.swift; sourceTree = "<group>"; };
		C681A3D322125C24006591EB /* LayoutPriority.swift */ = {isa = PBXFileReference; fileEncoding = 4; lastKnownFileType = sourcecode.swift; path = LayoutPriority.swift; sourceTree = "<group>"; };
		C681A3D422125C24006591EB /* LayoutAnchorer.swift */ = {isa = PBXFileReference; fileEncoding = 4; lastKnownFileType = sourcecode.swift; path = LayoutAnchorer.swift; sourceTree = "<group>"; };
		C681A3D522125C24006591EB /* AnchoredEdges.swift */ = {isa = PBXFileReference; fileEncoding = 4; lastKnownFileType = sourcecode.swift; path = AnchoredEdges.swift; sourceTree = "<group>"; };
		C681A3D622125C24006591EB /* TableLayout.swift */ = {isa = PBXFileReference; fileEncoding = 4; lastKnownFileType = sourcecode.swift; path = TableLayout.swift; sourceTree = "<group>"; };
		C681A3E622125C5E006591EB /* NeatlyExample.app */ = {isa = PBXFileReference; explicitFileType = wrapper.application; includeInIndex = 0; path = NeatlyExample.app; sourceTree = BUILT_PRODUCTS_DIR; };
		C681A3EA22125C5F006591EB /* ViewController.swift */ = {isa = PBXFileReference; lastKnownFileType = sourcecode.swift; path = ViewController.swift; sourceTree = "<group>"; };
		C681A3ED22125C5F006591EB /* Base */ = {isa = PBXFileReference; lastKnownFileType = file.storyboard; name = Base; path = Base.lproj/Main.storyboard; sourceTree = "<group>"; };
		C681A3EF22125C5F006591EB /* Assets.xcassets */ = {isa = PBXFileReference; lastKnownFileType = folder.assetcatalog; path = Assets.xcassets; sourceTree = "<group>"; };
		C681A3F222125C5F006591EB /* Base */ = {isa = PBXFileReference; lastKnownFileType = file.storyboard; name = Base; path = Base.lproj/LaunchScreen.storyboard; sourceTree = "<group>"; };
		C681A3F422125C5F006591EB /* Info.plist */ = {isa = PBXFileReference; lastKnownFileType = text.plist.xml; path = Info.plist; sourceTree = "<group>"; };
		C681A3FB22125C7F006591EB /* ExampleMenuViewController.swift */ = {isa = PBXFileReference; fileEncoding = 4; lastKnownFileType = sourcecode.swift; path = ExampleMenuViewController.swift; sourceTree = "<group>"; };
		C681A3FC22125C7F006591EB /* Random.swift */ = {isa = PBXFileReference; fileEncoding = 4; lastKnownFileType = sourcecode.swift; path = Random.swift; sourceTree = "<group>"; };
		C681A3FD22125C7F006591EB /* ArrayValueInitializer.swift */ = {isa = PBXFileReference; fileEncoding = 4; lastKnownFileType = sourcecode.swift; path = ArrayValueInitializer.swift; sourceTree = "<group>"; };
		C681A3FE22125C7F006591EB /* ColourView.swift */ = {isa = PBXFileReference; fileEncoding = 4; lastKnownFileType = sourcecode.swift; path = ColourView.swift; sourceTree = "<group>"; };
		C681A40722125CB3006591EB /* FixedSizeTableViewController.swift */ = {isa = PBXFileReference; fileEncoding = 4; lastKnownFileType = sourcecode.swift; path = FixedSizeTableViewController.swift; sourceTree = "<group>"; };
		C681A40822125CB4006591EB /* FixedSizeVerticalStackViewController.swift */ = {isa = PBXFileReference; fileEncoding = 4; lastKnownFileType = sourcecode.swift; path = FixedSizeVerticalStackViewController.swift; sourceTree = "<group>"; };
		C681A40922125CB4006591EB /* TableViewController.swift */ = {isa = PBXFileReference; fileEncoding = 4; lastKnownFileType = sourcecode.swift; path = TableViewController.swift; sourceTree = "<group>"; };
		C681A40A22125CB4006591EB /* HorizontalStackViewController.swift */ = {isa = PBXFileReference; fileEncoding = 4; lastKnownFileType = sourcecode.swift; path = HorizontalStackViewController.swift; sourceTree = "<group>"; };
		C681A40B22125CB4006591EB /* VerticalStackViewController.swift */ = {isa = PBXFileReference; fileEncoding = 4; lastKnownFileType = sourcecode.swift; path = VerticalStackViewController.swift; sourceTree = "<group>"; };
		C681A41222125CD6006591EB /* ArraySplit.swift */ = {isa = PBXFileReference; fileEncoding = 4; lastKnownFileType = sourcecode.swift; path = ArraySplit.swift; sourceTree = "<group>"; };
		C681A41322125CD6006591EB /* NSLayoutConstraintExtensions.swift */ = {isa = PBXFileReference; fileEncoding = 4; lastKnownFileType = sourcecode.swift; path = NSLayoutConstraintExtensions.swift; sourceTree = "<group>"; };
		C681A41422125CD6006591EB /* UIViewCompatibleSafeAreaExtensions.swift */ = {isa = PBXFileReference; fileEncoding = 4; lastKnownFileType = sourcecode.swift; path = UIViewCompatibleSafeAreaExtensions.swift; sourceTree = "<group>"; };
		C681A41522125CD6006591EB /* SequenceSliding.swift */ = {isa = PBXFileReference; fileEncoding = 4; lastKnownFileType = sourcecode.swift; path = SequenceSliding.swift; sourceTree = "<group>"; };
		C681A41A22125CE9006591EB /* TableLayoutTests.swift */ = {isa = PBXFileReference; fileEncoding = 4; lastKnownFileType = sourcecode.swift; path = TableLayoutTests.swift; sourceTree = "<group>"; };
		C681A41B22125CE9006591EB /* TestExtensions.swift */ = {isa = PBXFileReference; fileEncoding = 4; lastKnownFileType = sourcecode.swift; path = TestExtensions.swift; sourceTree = "<group>"; };
		C681A41C22125CE9006591EB /* StackLayoutTests.swift */ = {isa = PBXFileReference; fileEncoding = 4; lastKnownFileType = sourcecode.swift; path = StackLayoutTests.swift; sourceTree = "<group>"; };
		C681A42422125EE8006591EB /* Nimble.framework */ = {isa = PBXFileReference; lastKnownFileType = wrapper.framework; name = Nimble.framework; path = Carthage/Build/iOS/Nimble.framework; sourceTree = "<group>"; };
		C681A42622125EFE006591EB /* Quick.framework */ = {isa = PBXFileReference; lastKnownFileType = wrapper.framework; name = Quick.framework; path = Carthage/Build/iOS/Quick.framework; sourceTree = "<group>"; };
		C6EE1A7E221261D40054EE37 /* AppDelegate.swift */ = {isa = PBXFileReference; fileEncoding = 4; lastKnownFileType = sourcecode.swift; path = AppDelegate.swift; sourceTree = "<group>"; };
/* End PBXFileReference section */

/* Begin PBXFrameworksBuildPhase section */
		C681A3AF22125C01006591EB /* Frameworks */ = {
			isa = PBXFrameworksBuildPhase;
			buildActionMask = 2147483647;
			files = (
			);
			runOnlyForDeploymentPostprocessing = 0;
		};
		C681A3B822125C01006591EB /* Frameworks */ = {
			isa = PBXFrameworksBuildPhase;
			buildActionMask = 2147483647;
			files = (
				C681A3BC22125C01006591EB /* Neatly.framework in Frameworks */,
				C681A42522125EE8006591EB /* Nimble.framework in Frameworks */,
				C681A42722125EFE006591EB /* Quick.framework in Frameworks */,
			);
			runOnlyForDeploymentPostprocessing = 0;
		};
		C681A3E322125C5E006591EB /* Frameworks */ = {
			isa = PBXFrameworksBuildPhase;
			buildActionMask = 2147483647;
			files = (
				C681A42322125D89006591EB /* Neatly.framework in Frameworks */,
			);
			runOnlyForDeploymentPostprocessing = 0;
		};
/* End PBXFrameworksBuildPhase section */

/* Begin PBXGroup section */
		C681A3A822125C01006591EB = {
			isa = PBXGroup;
			children = (
				C681A3B422125C01006591EB /* Neatly */,
				C681A3BF22125C01006591EB /* NeatlyTests */,
				C681A3E722125C5F006591EB /* NeatlyExample */,
				C681A3B322125C01006591EB /* Products */,
				C681A42222125D89006591EB /* Frameworks */,
			);
			sourceTree = "<group>";
		};
		C681A3B322125C01006591EB /* Products */ = {
			isa = PBXGroup;
			children = (
				C681A3B222125C01006591EB /* Neatly.framework */,
				C681A3BB22125C01006591EB /* NeatlyTests.xctest */,
				C681A3E622125C5E006591EB /* NeatlyExample.app */,
			);
			name = Products;
			sourceTree = "<group>";
		};
		C681A3B422125C01006591EB /* Neatly */ = {
			isa = PBXGroup;
			children = (
				C681A41122125CBA006591EB /* Extensions */,
				C681A3B522125C01006591EB /* Neatly.h */,
				C681A3B622125C01006591EB /* Info.plist */,
				C681A3D522125C24006591EB /* AnchoredEdges.swift */,
				C681A3CD22125C23006591EB /* ConstraintContaining.swift */,
				C681A3D422125C24006591EB /* LayoutAnchorer.swift */,
				C681A3D022125C24006591EB /* LayoutBag.swift */,
				C681A3D222125C24006591EB /* LayoutConstructor.swift */,
				C681A3CF22125C24006591EB /* LayoutFormat.swift */,
				C681A3D322125C24006591EB /* LayoutPriority.swift */,
				C681A3CE22125C24006591EB /* NeatlyDSL.swift */,
				C681A3CC22125C23006591EB /* SizedView.swift */,
				C681A3D122125C24006591EB /* StackLayout.swift */,
				C681A3D622125C24006591EB /* TableLayout.swift */,
			);
			path = Neatly;
			sourceTree = "<group>";
		};
		C681A3BF22125C01006591EB /* NeatlyTests */ = {
			isa = PBXGroup;
			children = (
				C681A41C22125CE9006591EB /* StackLayoutTests.swift */,
				C681A41A22125CE9006591EB /* TableLayoutTests.swift */,
				C681A41B22125CE9006591EB /* TestExtensions.swift */,
				C681A3C222125C01006591EB /* Info.plist */,
			);
			path = NeatlyTests;
			sourceTree = "<group>";
		};
		C681A3E722125C5F006591EB /* NeatlyExample */ = {
			isa = PBXGroup;
			children = (
				C681A40622125CA2006591EB /* Examples */,
				C6EE1A7E221261D40054EE37 /* AppDelegate.swift */,
				C681A3FD22125C7F006591EB /* ArrayValueInitializer.swift */,
				C681A3FE22125C7F006591EB /* ColourView.swift */,
				C681A3FB22125C7F006591EB /* ExampleMenuViewController.swift */,
				C681A3FC22125C7F006591EB /* Random.swift */,
				C681A3EA22125C5F006591EB /* ViewController.swift */,
				C681A3EC22125C5F006591EB /* Main.storyboard */,
				C681A3EF22125C5F006591EB /* Assets.xcassets */,
				C681A3F122125C5F006591EB /* LaunchScreen.storyboard */,
				C681A3F422125C5F006591EB /* Info.plist */,
			);
			path = NeatlyExample;
			sourceTree = "<group>";
		};
		C681A40622125CA2006591EB /* Examples */ = {
			isa = PBXGroup;
			children = (
				C681A40B22125CB4006591EB /* VerticalStackViewController.swift */,
				C681A40822125CB4006591EB /* FixedSizeVerticalStackViewController.swift */,
				C681A40A22125CB4006591EB /* HorizontalStackViewController.swift */,
				C681A40922125CB4006591EB /* TableViewController.swift */,
				C681A40722125CB3006591EB /* FixedSizeTableViewController.swift */,
			);
			path = Examples;
			sourceTree = "<group>";
		};
		C681A41122125CBA006591EB /* Extensions */ = {
			isa = PBXGroup;
			children = (
				C681A41222125CD6006591EB /* ArraySplit.swift */,
				C681A41522125CD6006591EB /* SequenceSliding.swift */,
				C681A41322125CD6006591EB /* NSLayoutConstraintExtensions.swift */,
				C681A41422125CD6006591EB /* UIViewCompatibleSafeAreaExtensions.swift */,
			);
			path = Extensions;
			sourceTree = "<group>";
		};
		C681A42222125D89006591EB /* Frameworks */ = {
			isa = PBXGroup;
			children = (
				C681A42622125EFE006591EB /* Quick.framework */,
				C681A42422125EE8006591EB /* Nimble.framework */,
			);
			name = Frameworks;
			sourceTree = "<group>";
		};
/* End PBXGroup section */

/* Begin PBXHeadersBuildPhase section */
		C681A3AD22125C01006591EB /* Headers */ = {
			isa = PBXHeadersBuildPhase;
			buildActionMask = 2147483647;
			files = (
				C681A3C322125C01006591EB /* Neatly.h in Headers */,
			);
			runOnlyForDeploymentPostprocessing = 0;
		};
/* End PBXHeadersBuildPhase section */

/* Begin PBXNativeTarget section */
		C681A3B122125C01006591EB /* Neatly */ = {
			isa = PBXNativeTarget;
			buildConfigurationList = C681A3C622125C01006591EB /* Build configuration list for PBXNativeTarget "Neatly" */;
			buildPhases = (
				C681A3AD22125C01006591EB /* Headers */,
				C681A3AE22125C01006591EB /* Sources */,
				C681A3AF22125C01006591EB /* Frameworks */,
				C681A3B022125C01006591EB /* Resources */,
			);
			buildRules = (
			);
			dependencies = (
			);
			name = Neatly;
			productName = Neatly;
			productReference = C681A3B222125C01006591EB /* Neatly.framework */;
			productType = "com.apple.product-type.framework";
		};
		C681A3BA22125C01006591EB /* NeatlyTests */ = {
			isa = PBXNativeTarget;
			buildConfigurationList = C681A3C922125C01006591EB /* Build configuration list for PBXNativeTarget "NeatlyTests" */;
			buildPhases = (
				C681A3B722125C01006591EB /* Sources */,
				C681A3B822125C01006591EB /* Frameworks */,
				C681A3B922125C01006591EB /* Resources */,
				C681A42A22125F8C006591EB /* Copy Carthage Frameworks */,
			);
			buildRules = (
			);
			dependencies = (
				C681A3BE22125C01006591EB /* PBXTargetDependency */,
				C681A42922125F29006591EB /* PBXTargetDependency */,
			);
			name = NeatlyTests;
			productName = NeatlyTests;
			productReference = C681A3BB22125C01006591EB /* NeatlyTests.xctest */;
			productType = "com.apple.product-type.bundle.unit-test";
		};
		C681A3E522125C5E006591EB /* NeatlyExample */ = {
			isa = PBXNativeTarget;
			buildConfigurationList = C681A3F522125C5F006591EB /* Build configuration list for PBXNativeTarget "NeatlyExample" */;
			buildPhases = (
				C681A3E222125C5E006591EB /* Sources */,
				C681A3E322125C5E006591EB /* Frameworks */,
				C681A3E422125C5E006591EB /* Resources */,
			);
			buildRules = (
			);
			dependencies = (
				C681A42122125D6E006591EB /* PBXTargetDependency */,
			);
			name = NeatlyExample;
			productName = NeatlyExample;
			productReference = C681A3E622125C5E006591EB /* NeatlyExample.app */;
			productType = "com.apple.product-type.application";
		};
/* End PBXNativeTarget section */

/* Begin PBXProject section */
		C681A3A922125C01006591EB /* Project object */ = {
			isa = PBXProject;
			attributes = {
				LastSwiftUpdateCheck = 1000;
				LastUpgradeCheck = 1000;
				ORGANIZATIONNAME = "Domain Holdings Ltd.";
				TargetAttributes = {
					C681A3B122125C01006591EB = {
						CreatedOnToolsVersion = 10.0;
						LastSwiftMigration = 1000;
					};
					C681A3BA22125C01006591EB = {
						CreatedOnToolsVersion = 10.0;
						TestTargetID = C681A3E522125C5E006591EB;
					};
					C681A3E522125C5E006591EB = {
						CreatedOnToolsVersion = 10.0;
					};
				};
			};
			buildConfigurationList = C681A3AC22125C01006591EB /* Build configuration list for PBXProject "Neatly" */;
			compatibilityVersion = "Xcode 9.3";
			developmentRegion = en;
			hasScannedForEncodings = 0;
			knownRegions = (
				en,
				Base,
			);
			mainGroup = C681A3A822125C01006591EB;
			productRefGroup = C681A3B322125C01006591EB /* Products */;
			projectDirPath = "";
			projectRoot = "";
			targets = (
				C681A3B122125C01006591EB /* Neatly */,
				C681A3BA22125C01006591EB /* NeatlyTests */,
				C681A3E522125C5E006591EB /* NeatlyExample */,
			);
		};
/* End PBXProject section */

/* Begin PBXResourcesBuildPhase section */
		C681A3B022125C01006591EB /* Resources */ = {
			isa = PBXResourcesBuildPhase;
			buildActionMask = 2147483647;
			files = (
			);
			runOnlyForDeploymentPostprocessing = 0;
		};
		C681A3B922125C01006591EB /* Resources */ = {
			isa = PBXResourcesBuildPhase;
			buildActionMask = 2147483647;
			files = (
			);
			runOnlyForDeploymentPostprocessing = 0;
		};
		C681A3E422125C5E006591EB /* Resources */ = {
			isa = PBXResourcesBuildPhase;
			buildActionMask = 2147483647;
			files = (
				C681A3F322125C5F006591EB /* LaunchScreen.storyboard in Resources */,
			);
			runOnlyForDeploymentPostprocessing = 0;
		};
/* End PBXResourcesBuildPhase section */

/* Begin PBXShellScriptBuildPhase section */
		C681A42A22125F8C006591EB /* Copy Carthage Frameworks */ = {
			isa = PBXShellScriptBuildPhase;
			buildActionMask = 2147483647;
			files = (
			);
			inputFileListPaths = (
			);
			inputPaths = (
				"$(SRCROOT)/Carthage/Build/iOS/Nimble.framework",
				"$(SRCROOT)/Carthage/Build/iOS/Quick.framework",
			);
			name = "Copy Carthage Frameworks";
			outputFileListPaths = (
			);
			outputPaths = (
			);
			runOnlyForDeploymentPostprocessing = 0;
			shellPath = /bin/sh;
			shellScript = "/usr/local/bin/carthage copy-frameworks\n";
		};
/* End PBXShellScriptBuildPhase section */

/* Begin PBXSourcesBuildPhase section */
		C681A3AE22125C01006591EB /* Sources */ = {
			isa = PBXSourcesBuildPhase;
			buildActionMask = 2147483647;
			files = (
				C681A3DD22125C24006591EB /* LayoutConstructor.swift in Sources */,
				C681A3DC22125C24006591EB /* StackLayout.swift in Sources */,
				C681A3DA22125C24006591EB /* LayoutFormat.swift in Sources */,
				C681A3DF22125C24006591EB /* LayoutAnchorer.swift in Sources */,
				C681A41822125CD6006591EB /* UIViewCompatibleSafeAreaExtensions.swift in Sources */,
				C681A3E022125C24006591EB /* AnchoredEdges.swift in Sources */,
				C681A3DB22125C24006591EB /* LayoutBag.swift in Sources */,
				C681A41722125CD6006591EB /* NSLayoutConstraintExtensions.swift in Sources */,
				C681A41622125CD6006591EB /* ArraySplit.swift in Sources */,
				C681A41922125CD6006591EB /* SequenceSliding.swift in Sources */,
				C681A3D822125C24006591EB /* ConstraintContaining.swift in Sources */,
				C681A3D922125C24006591EB /* NeatlyDSL.swift in Sources */,
				C681A3D722125C24006591EB /* SizedView.swift in Sources */,
				C681A3DE22125C24006591EB /* LayoutPriority.swift in Sources */,
				C681A3E122125C24006591EB /* TableLayout.swift in Sources */,
			);
			runOnlyForDeploymentPostprocessing = 0;
		};
		C681A3B722125C01006591EB /* Sources */ = {
			isa = PBXSourcesBuildPhase;
			buildActionMask = 2147483647;
			files = (
				C681A41F22125CEA006591EB /* StackLayoutTests.swift in Sources */,
				C681A41D22125CEA006591EB /* TableLayoutTests.swift in Sources */,
				C681A41E22125CEA006591EB /* TestExtensions.swift in Sources */,
			);
			runOnlyForDeploymentPostprocessing = 0;
		};
		C681A3E222125C5E006591EB /* Sources */ = {
			isa = PBXSourcesBuildPhase;
			buildActionMask = 2147483647;
			files = (
				C6EE1A7F221261D40054EE37 /* AppDelegate.swift in Sources */,
				C681A40C22125CB4006591EB /* FixedSizeTableViewController.swift in Sources */,
				C681A3EB22125C5F006591EB /* ViewController.swift in Sources */,
				C681A40322125C7F006591EB /* Random.swift in Sources */,
				C681A40522125C7F006591EB /* ColourView.swift in Sources */,
				C681A40222125C7F006591EB /* ExampleMenuViewController.swift in Sources */,
				C681A41022125CB4006591EB /* VerticalStackViewController.swift in Sources */,
				C681A40422125C7F006591EB /* ArrayValueInitializer.swift in Sources */,
				C681A40F22125CB4006591EB /* HorizontalStackViewController.swift in Sources */,
				C681A40E22125CB4006591EB /* TableViewController.swift in Sources */,
				C681A40D22125CB4006591EB /* FixedSizeVerticalStackViewController.swift in Sources */,
			);
			runOnlyForDeploymentPostprocessing = 0;
		};
/* End PBXSourcesBuildPhase section */

/* Begin PBXTargetDependency section */
		C681A3BE22125C01006591EB /* PBXTargetDependency */ = {
			isa = PBXTargetDependency;
			target = C681A3B122125C01006591EB /* Neatly */;
			targetProxy = C681A3BD22125C01006591EB /* PBXContainerItemProxy */;
		};
		C681A42122125D6E006591EB /* PBXTargetDependency */ = {
			isa = PBXTargetDependency;
			target = C681A3B122125C01006591EB /* Neatly */;
			targetProxy = C681A42022125D6E006591EB /* PBXContainerItemProxy */;
		};
		C681A42922125F29006591EB /* PBXTargetDependency */ = {
			isa = PBXTargetDependency;
			target = C681A3E522125C5E006591EB /* NeatlyExample */;
			targetProxy = C681A42822125F29006591EB /* PBXContainerItemProxy */;
		};
/* End PBXTargetDependency section */

/* Begin PBXVariantGroup section */
		C681A3EC22125C5F006591EB /* Main.storyboard */ = {
			isa = PBXVariantGroup;
			children = (
				C681A3ED22125C5F006591EB /* Base */,
			);
			name = Main.storyboard;
			sourceTree = "<group>";
		};
		C681A3F122125C5F006591EB /* LaunchScreen.storyboard */ = {
			isa = PBXVariantGroup;
			children = (
				C681A3F222125C5F006591EB /* Base */,
			);
			name = LaunchScreen.storyboard;
			sourceTree = "<group>";
		};
/* End PBXVariantGroup section */

/* Begin XCBuildConfiguration section */
		C681A3C422125C01006591EB /* Debug */ = {
			isa = XCBuildConfiguration;
			buildSettings = {
				ALWAYS_SEARCH_USER_PATHS = NO;
				CLANG_ANALYZER_NONNULL = YES;
				CLANG_ANALYZER_NUMBER_OBJECT_CONVERSION = YES_AGGRESSIVE;
				CLANG_CXX_LANGUAGE_STANDARD = "gnu++14";
				CLANG_CXX_LIBRARY = "libc++";
				CLANG_ENABLE_MODULES = YES;
				CLANG_ENABLE_OBJC_ARC = YES;
				CLANG_ENABLE_OBJC_WEAK = YES;
				CLANG_WARN_BLOCK_CAPTURE_AUTORELEASING = YES;
				CLANG_WARN_BOOL_CONVERSION = YES;
				CLANG_WARN_COMMA = YES;
				CLANG_WARN_CONSTANT_CONVERSION = YES;
				CLANG_WARN_DEPRECATED_OBJC_IMPLEMENTATIONS = YES;
				CLANG_WARN_DIRECT_OBJC_ISA_USAGE = YES_ERROR;
				CLANG_WARN_DOCUMENTATION_COMMENTS = YES;
				CLANG_WARN_EMPTY_BODY = YES;
				CLANG_WARN_ENUM_CONVERSION = YES;
				CLANG_WARN_INFINITE_RECURSION = YES;
				CLANG_WARN_INT_CONVERSION = YES;
				CLANG_WARN_NON_LITERAL_NULL_CONVERSION = YES;
				CLANG_WARN_OBJC_IMPLICIT_RETAIN_SELF = YES;
				CLANG_WARN_OBJC_LITERAL_CONVERSION = YES;
				CLANG_WARN_OBJC_ROOT_CLASS = YES_ERROR;
				CLANG_WARN_RANGE_LOOP_ANALYSIS = YES;
				CLANG_WARN_STRICT_PROTOTYPES = YES;
				CLANG_WARN_SUSPICIOUS_MOVE = YES;
				CLANG_WARN_UNGUARDED_AVAILABILITY = YES_AGGRESSIVE;
				CLANG_WARN_UNREACHABLE_CODE = YES;
				CLANG_WARN__DUPLICATE_METHOD_MATCH = YES;
				CODE_SIGN_IDENTITY = "iPhone Developer";
				COPY_PHASE_STRIP = NO;
				CURRENT_PROJECT_VERSION = 1;
				DEBUG_INFORMATION_FORMAT = dwarf;
				ENABLE_STRICT_OBJC_MSGSEND = YES;
				ENABLE_TESTABILITY = YES;
				GCC_C_LANGUAGE_STANDARD = gnu11;
				GCC_DYNAMIC_NO_PIC = NO;
				GCC_NO_COMMON_BLOCKS = YES;
				GCC_OPTIMIZATION_LEVEL = 0;
				GCC_PREPROCESSOR_DEFINITIONS = (
					"DEBUG=1",
					"$(inherited)",
				);
				GCC_WARN_64_TO_32_BIT_CONVERSION = YES;
				GCC_WARN_ABOUT_RETURN_TYPE = YES_ERROR;
				GCC_WARN_UNDECLARED_SELECTOR = YES;
				GCC_WARN_UNINITIALIZED_AUTOS = YES_AGGRESSIVE;
				GCC_WARN_UNUSED_FUNCTION = YES;
				GCC_WARN_UNUSED_VARIABLE = YES;
				IPHONEOS_DEPLOYMENT_TARGET = 12.0;
				MTL_ENABLE_DEBUG_INFO = INCLUDE_SOURCE;
				MTL_FAST_MATH = YES;
				ONLY_ACTIVE_ARCH = YES;
				SDKROOT = iphoneos;
				SWIFT_ACTIVE_COMPILATION_CONDITIONS = DEBUG;
				SWIFT_OPTIMIZATION_LEVEL = "-Onone";
				VERSIONING_SYSTEM = "apple-generic";
				VERSION_INFO_PREFIX = "";
			};
			name = Debug;
		};
		C681A3C522125C01006591EB /* Release */ = {
			isa = XCBuildConfiguration;
			buildSettings = {
				ALWAYS_SEARCH_USER_PATHS = NO;
				CLANG_ANALYZER_NONNULL = YES;
				CLANG_ANALYZER_NUMBER_OBJECT_CONVERSION = YES_AGGRESSIVE;
				CLANG_CXX_LANGUAGE_STANDARD = "gnu++14";
				CLANG_CXX_LIBRARY = "libc++";
				CLANG_ENABLE_MODULES = YES;
				CLANG_ENABLE_OBJC_ARC = YES;
				CLANG_ENABLE_OBJC_WEAK = YES;
				CLANG_WARN_BLOCK_CAPTURE_AUTORELEASING = YES;
				CLANG_WARN_BOOL_CONVERSION = YES;
				CLANG_WARN_COMMA = YES;
				CLANG_WARN_CONSTANT_CONVERSION = YES;
				CLANG_WARN_DEPRECATED_OBJC_IMPLEMENTATIONS = YES;
				CLANG_WARN_DIRECT_OBJC_ISA_USAGE = YES_ERROR;
				CLANG_WARN_DOCUMENTATION_COMMENTS = YES;
				CLANG_WARN_EMPTY_BODY = YES;
				CLANG_WARN_ENUM_CONVERSION = YES;
				CLANG_WARN_INFINITE_RECURSION = YES;
				CLANG_WARN_INT_CONVERSION = YES;
				CLANG_WARN_NON_LITERAL_NULL_CONVERSION = YES;
				CLANG_WARN_OBJC_IMPLICIT_RETAIN_SELF = YES;
				CLANG_WARN_OBJC_LITERAL_CONVERSION = YES;
				CLANG_WARN_OBJC_ROOT_CLASS = YES_ERROR;
				CLANG_WARN_RANGE_LOOP_ANALYSIS = YES;
				CLANG_WARN_STRICT_PROTOTYPES = YES;
				CLANG_WARN_SUSPICIOUS_MOVE = YES;
				CLANG_WARN_UNGUARDED_AVAILABILITY = YES_AGGRESSIVE;
				CLANG_WARN_UNREACHABLE_CODE = YES;
				CLANG_WARN__DUPLICATE_METHOD_MATCH = YES;
				CODE_SIGN_IDENTITY = "iPhone Developer";
				COPY_PHASE_STRIP = NO;
				CURRENT_PROJECT_VERSION = 1;
				DEBUG_INFORMATION_FORMAT = "dwarf-with-dsym";
				ENABLE_NS_ASSERTIONS = NO;
				ENABLE_STRICT_OBJC_MSGSEND = YES;
				GCC_C_LANGUAGE_STANDARD = gnu11;
				GCC_NO_COMMON_BLOCKS = YES;
				GCC_WARN_64_TO_32_BIT_CONVERSION = YES;
				GCC_WARN_ABOUT_RETURN_TYPE = YES_ERROR;
				GCC_WARN_UNDECLARED_SELECTOR = YES;
				GCC_WARN_UNINITIALIZED_AUTOS = YES_AGGRESSIVE;
				GCC_WARN_UNUSED_FUNCTION = YES;
				GCC_WARN_UNUSED_VARIABLE = YES;
				IPHONEOS_DEPLOYMENT_TARGET = 12.0;
				MTL_ENABLE_DEBUG_INFO = NO;
				MTL_FAST_MATH = YES;
				SDKROOT = iphoneos;
				SWIFT_COMPILATION_MODE = wholemodule;
				SWIFT_OPTIMIZATION_LEVEL = "-O";
				VALIDATE_PRODUCT = YES;
				VERSIONING_SYSTEM = "apple-generic";
				VERSION_INFO_PREFIX = "";
			};
			name = Release;
		};
		C681A3C722125C01006591EB /* Debug */ = {
			isa = XCBuildConfiguration;
			buildSettings = {
				CLANG_ENABLE_MODULES = YES;
				CODE_SIGN_IDENTITY = "";
				CODE_SIGN_STYLE = Automatic;
				DEFINES_MODULE = YES;
				DYLIB_COMPATIBILITY_VERSION = 1;
				DYLIB_CURRENT_VERSION = 1;
				DYLIB_INSTALL_NAME_BASE = "@rpath";
				INFOPLIST_FILE = Neatly/Info.plist;
				INSTALL_PATH = "$(LOCAL_LIBRARY_DIR)/Frameworks";
				IPHONEOS_DEPLOYMENT_TARGET = 9.0;
				LD_RUNPATH_SEARCH_PATHS = (
					"$(inherited)",
					"@executable_path/Frameworks",
					"@loader_path/Frameworks",
				);
				PRODUCT_BUNDLE_IDENTIFIER = Domain.Neatly;
				PRODUCT_NAME = "$(TARGET_NAME:c99extidentifier)";
				SKIP_INSTALL = YES;
				SWIFT_OPTIMIZATION_LEVEL = "-Onone";
				SWIFT_VERSION = 5.0;
				TARGETED_DEVICE_FAMILY = "1,2";
			};
			name = Debug;
		};
		C681A3C822125C01006591EB /* Release */ = {
			isa = XCBuildConfiguration;
			buildSettings = {
				CLANG_ENABLE_MODULES = YES;
				CODE_SIGN_IDENTITY = "";
				CODE_SIGN_STYLE = Automatic;
				DEFINES_MODULE = YES;
				DYLIB_COMPATIBILITY_VERSION = 1;
				DYLIB_CURRENT_VERSION = 1;
				DYLIB_INSTALL_NAME_BASE = "@rpath";
				INFOPLIST_FILE = Neatly/Info.plist;
				INSTALL_PATH = "$(LOCAL_LIBRARY_DIR)/Frameworks";
				IPHONEOS_DEPLOYMENT_TARGET = 9.0;
				LD_RUNPATH_SEARCH_PATHS = (
					"$(inherited)",
					"@executable_path/Frameworks",
					"@loader_path/Frameworks",
				);
				PRODUCT_BUNDLE_IDENTIFIER = Domain.Neatly;
				PRODUCT_NAME = "$(TARGET_NAME:c99extidentifier)";
				SKIP_INSTALL = YES;
				SWIFT_VERSION = 5.0;
				TARGETED_DEVICE_FAMILY = "1,2";
			};
			name = Release;
		};
		C681A3CA22125C01006591EB /* Debug */ = {
			isa = XCBuildConfiguration;
			buildSettings = {
				ALWAYS_EMBED_SWIFT_STANDARD_LIBRARIES = YES;
				CODE_SIGN_STYLE = Automatic;
				FRAMEWORK_SEARCH_PATHS = (
					"$(inherited)",
					"$(PROJECT_DIR)/Carthage/Build/iOS",
				);
				INFOPLIST_FILE = NeatlyTests/Info.plist;
				LD_RUNPATH_SEARCH_PATHS = (
					"$(inherited)",
					"@executable_path/Frameworks",
					"@loader_path/Frameworks",
				);
				PRODUCT_BUNDLE_IDENTIFIER = Domain.NeatlyTests;
				PRODUCT_NAME = "$(TARGET_NAME)";
				SWIFT_VERSION = 5.0;
				TARGETED_DEVICE_FAMILY = "1,2";
				TEST_HOST = "$(BUILT_PRODUCTS_DIR)/NeatlyExample.app/NeatlyExample";
			};
			name = Debug;
		};
		C681A3CB22125C01006591EB /* Release */ = {
			isa = XCBuildConfiguration;
			buildSettings = {
				ALWAYS_EMBED_SWIFT_STANDARD_LIBRARIES = YES;
				CODE_SIGN_STYLE = Automatic;
				FRAMEWORK_SEARCH_PATHS = (
					"$(inherited)",
					"$(PROJECT_DIR)/Carthage/Build/iOS",
				);
				INFOPLIST_FILE = NeatlyTests/Info.plist;
				LD_RUNPATH_SEARCH_PATHS = (
					"$(inherited)",
					"@executable_path/Frameworks",
					"@loader_path/Frameworks",
				);
				PRODUCT_BUNDLE_IDENTIFIER = Domain.NeatlyTests;
				PRODUCT_NAME = "$(TARGET_NAME)";
				SWIFT_VERSION = 5.0;
				TARGETED_DEVICE_FAMILY = "1,2";
				TEST_HOST = "$(BUILT_PRODUCTS_DIR)/NeatlyExample.app/NeatlyExample";
			};
			name = Release;
		};
		C681A3F622125C5F006591EB /* Debug */ = {
			isa = XCBuildConfiguration;
			buildSettings = {
				ASSETCATALOG_COMPILER_APPICON_NAME = AppIcon;
				CODE_SIGN_STYLE = Automatic;
				INFOPLIST_FILE = NeatlyExample/Info.plist;
				LD_RUNPATH_SEARCH_PATHS = (
					"$(inherited)",
					"@executable_path/Frameworks",
				);
				PRODUCT_BUNDLE_IDENTIFIER = Domain.NeatlyExample;
				PRODUCT_NAME = "$(TARGET_NAME)";
				SWIFT_VERSION = 5.0;
				TARGETED_DEVICE_FAMILY = "1,2";
			};
			name = Debug;
		};
		C681A3F722125C5F006591EB /* Release */ = {
			isa = XCBuildConfiguration;
			buildSettings = {
				ASSETCATALOG_COMPILER_APPICON_NAME = AppIcon;
				CODE_SIGN_STYLE = Automatic;
				INFOPLIST_FILE = NeatlyExample/Info.plist;
				LD_RUNPATH_SEARCH_PATHS = (
					"$(inherited)",
					"@executable_path/Frameworks",
				);
				PRODUCT_BUNDLE_IDENTIFIER = Domain.NeatlyExample;
				PRODUCT_NAME = "$(TARGET_NAME)";
				SWIFT_VERSION = 5.0;
				TARGETED_DEVICE_FAMILY = "1,2";
			};
			name = Release;
		};
/* End XCBuildConfiguration section */

/* Begin XCConfigurationList section */
		C681A3AC22125C01006591EB /* Build configuration list for PBXProject "Neatly" */ = {
			isa = XCConfigurationList;
			buildConfigurations = (
				C681A3C422125C01006591EB /* Debug */,
				C681A3C522125C01006591EB /* Release */,
			);
			defaultConfigurationIsVisible = 0;
			defaultConfigurationName = Release;
		};
		C681A3C622125C01006591EB /* Build configuration list for PBXNativeTarget "Neatly" */ = {
			isa = XCConfigurationList;
			buildConfigurations = (
				C681A3C722125C01006591EB /* Debug */,
				C681A3C822125C01006591EB /* Release */,
			);
			defaultConfigurationIsVisible = 0;
			defaultConfigurationName = Release;
		};
		C681A3C922125C01006591EB /* Build configuration list for PBXNativeTarget "NeatlyTests" */ = {
			isa = XCConfigurationList;
			buildConfigurations = (
				C681A3CA22125C01006591EB /* Debug */,
				C681A3CB22125C01006591EB /* Release */,
			);
			defaultConfigurationIsVisible = 0;
			defaultConfigurationName = Release;
		};
		C681A3F522125C5F006591EB /* Build configuration list for PBXNativeTarget "NeatlyExample" */ = {
			isa = XCConfigurationList;
			buildConfigurations = (
				C681A3F622125C5F006591EB /* Debug */,
				C681A3F722125C5F006591EB /* Release */,
			);
			defaultConfigurationIsVisible = 0;
			defaultConfigurationName = Release;
		};
/* End XCConfigurationList section */
	};
	rootObject = C681A3A922125C01006591EB /* Project object */;
}
